PODS:
  - MOBaseControls (0.1.1):
    - SnapKit (~> 4.2.0)
  - SnapKit (4.2.0)

DEPENDENCIES:
  - MOBaseControls (from `../`)

SPEC REPOS:
  https://github.com/cocoapods/specs.git:
    - SnapKit

EXTERNAL SOURCES:
  MOBaseControls:
    :path: "../"

SPEC CHECKSUMS:
  MOBaseControls: d9ae9a8f22759a3ae2157d8681ffcb007c56443c
  SnapKit: fe8a619752f3f27075cc9a90244d75c6c3f27e2a

PODFILE CHECKSUM: c5b33ed7aa624ba9f548fccb136b6cc803c665fa

COCOAPODS: 1.6.1
